
Microsoft Visual Studio Solution File, Format Version 12.00
# Visual Studio Version 17
VisualStudioVersion = 17.10.35013.160
MinimumVisualStudioVersion = 10.0.40219.1
Project("{9A19103F-16F7-4668-BE54-9A1E7A4F7556}") = "TestLayer", "TestLayer.csproj", "{F6EADB4C-8763-472E-9F90-F43670E797F7}"
EndProject
Project("{FAE04EC0-301F-11D3-BF4B-00C04F79EFBC}") = "PageObject", "..\PageObject\PageObject.csproj", "{AD73F641-D681-4997-8445-B80013AF7EA3}"
EndProject
Project("{FAE04EC0-301F-11D3-BF4B-00C04F79EFBC}") = "Utilities", "..\Utilities\Utilities.csproj", "{21ACF30F-4A3B-4B3A-98C0-66ACCBA9B997}"
EndProject
Global
	GlobalSection(SolutionConfigurationPlatforms) = preSolution
		Debug|Any CPU = Debug|Any CPU
		Release|Any CPU = Release|Any CPU
	EndGlobalSection
	GlobalSection(ProjectConfigurationPlatforms) = postSolution
		{F6EADB4C-8763-472E-9F90-F43670E797F7}.Debug|Any CPU.ActiveCfg = Debug|Any CPU
		{F6EADB4C-8763-472E-9F90-F43670E797F7}.Debug|Any CPU.Build.0 = Debug|Any CPU
		{F6EADB4C-8763-472E-9F90-F43670E797F7}.Release|Any CPU.ActiveCfg = Release|Any CPU
		{F6EADB4C-8763-472E-9F90-F43670E797F7}.Release|Any CPU.Build.0 = Release|Any CPU
		{AD73F641-D681-4997-8445-B80013AF7EA3}.Debug|Any CPU.ActiveCfg = Debug|Any CPU
		{AD73F641-D681-4997-8445-B80013AF7EA3}.Debug|Any CPU.Build.0 = Debug|Any CPU
		{AD73F641-D681-4997-8445-B80013AF7EA3}.Release|Any CPU.ActiveCfg = Release|Any CPU
		{AD73F641-D681-4997-8445-B80013AF7EA3}.Release|Any CPU.Build.0 = Release|Any CPU
		{21ACF30F-4A3B-4B3A-98C0-66ACCBA9B997}.Debug|Any CPU.ActiveCfg = Debug|Any CPU
		{21ACF30F-4A3B-4B3A-98C0-66ACCBA9B997}.Debug|Any CPU.Build.0 = Debug|Any CPU
		{21ACF30F-4A3B-4B3A-98C0-66ACCBA9B997}.Release|Any CPU.ActiveCfg = Release|Any CPU
		{21ACF30F-4A3B-4B3A-98C0-66ACCBA9B997}.Release|Any CPU.Build.0 = Release|Any CPU
	EndGlobalSection
	GlobalSection(SolutionProperties) = preSolution
		HideSolutionNode = FALSE
	EndGlobalSection
	GlobalSection(ExtensibilityGlobals) = postSolution
		SolutionGuid = {270210DF-A6A6-4EF8-BEE4-47C3F3DB4B50}
	EndGlobalSection
EndGlobal
